
Microsoft Visual Studio Solution File, Format Version 12.00
# Visual Studio Version 16
VisualStudioVersion = 16.0.29306.81
MinimumVisualStudioVersion = 10.0.40219.1
Project("{FAE04EC0-301F-11D3-BF4B-00C04F79EFBC}") = "Selenium_QA", "Selenium_QA\Selenium_QA.csproj", "{CF23D8E4-54FF-4DA0-B2E1-5B175888767D}"
EndProject
Global
	GlobalSection(SolutionConfigurationPlatforms) = preSolution
		Debug|Any CPU = Debug|Any CPU
		Release|Any CPU = Release|Any CPU
	EndGlobalSection
	GlobalSection(ProjectConfigurationPlatforms) = postSolution
		{CF23D8E4-54FF-4DA0-B2E1-5B175888767D}.Debug|Any CPU.ActiveCfg = Debug|Any CPU
		{CF23D8E4-54FF-4DA0-B2E1-5B175888767D}.Debug|Any CPU.Build.0 = Debug|Any CPU
		{CF23D8E4-54FF-4DA0-B2E1-5B175888767D}.Release|Any CPU.ActiveCfg = Release|Any CPU
		{CF23D8E4-54FF-4DA0-B2E1-5B175888767D}.Release|Any CPU.Build.0 = Release|Any CPU
	EndGlobalSection
	GlobalSection(SolutionProperties) = preSolution
		HideSolutionNode = FALSE
	EndGlobalSection
	GlobalSection(ExtensibilityGlobals) = postSolution
		SolutionGuid = {A6A1E2B3-FC91-4BE9-919F-6229B00ED1E2}
	EndGlobalSection
EndGlobal
